Microsoft Visual Studio Solution File, Format Version 12.00
# Visual Studio Version 17
VisualStudioVersion = 17.13.35919.96
MinimumVisualStudioVersion = 10.0.40219.1
Project("{FAE04EC0-301F-11D3-BF4B-00C04F79EFBC}") = "BlagodatUstal", "BlagodatUstal\BlagodatUstal.csproj", "{EB28E110-98A7-42E0-883D-02E853116394}"
EndProject
Global
	GlobalSection(SolutionConfigurationPlatforms) = preSolution
		Debug|Any CPU = Debug|Any CPU
		Release|Any CPU = Release|Any CPU
	EndGlobalSection
	GlobalSection(ProjectConfigurationPlatforms) = postSolution
		{EB28E110-98A7-42E0-883D-02E853116394}.Debug|Any CPU.ActiveCfg = Debug|Any CPU
		{EB28E110-98A7-42E0-883D-02E853116394}.Debug|Any CPU.Build.0 = Debug|Any CPU
		{EB28E110-98A7-42E0-883D-02E853116394}.Release|Any CPU.ActiveCfg = Release|Any CPU
		{EB28E110-98A7-42E0-883D-02E853116394}.Release|Any CPU.Build.0 = Release|Any CPU
	EndGlobalSection
	GlobalSection(SolutionProperties) = preSolution
		HideSolutionNode = FALSE
	EndGlobalSection
	GlobalSection(ExtensibilityGlobals) = postSolution
		SolutionGuid = {E77ADDAB-0D3F-4462-8A2B-49403B6FDBC8}
	EndGlobalSection
EndGlobal
